// !$*UTF8*$!
{
	archiveVersion = 1;
	classes = {
	};
	objectVersion = 46;
	objects = {

/* Begin PBXBuildFile section */
		924F16431CFE6DC50091434F /* main.m in Sources */ = {isa = PBXBuildFile; fileRef = 924F16421CFE6DC50091434F /* main.m */; };
		924F16461CFE6DC50091434F /* AppDelegate.m in Sources */ = {isa = PBXBuildFile; fileRef = 924F16451CFE6DC50091434F /* AppDelegate.m */; };
		924F164E1CFE6DC50091434F /* Assets.xcassets in Resources */ = {isa = PBXBuildFile; fileRef = 924F164D1CFE6DC50091434F /* Assets.xcassets */; };
		924F165C1CFE6DC50091434F /* AfterShipTests.m in Sources */ = {isa = PBXBuildFile; fileRef = 924F165B1CFE6DC50091434F /* AfterShipTests.m */; };
		924F166A1CFE76F30091434F /* TestViewController.m in Sources */ = {isa = PBXBuildFile; fileRef = 924F16691CFE76F30091434F /* TestViewController.m */; };
		924F166E1CFE77190091434F /* AfterShipApi.m in Sources */ = {isa = PBXBuildFile; fileRef = 924F166D1CFE77190091434F /* AfterShipApi.m */; };
		924F16721CFE77E40091434F /* Default-568h@2x.png in Resources */ = {isa = PBXBuildFile; fileRef = 924F166F1CFE77E40091434F /* Default-568h@2x.png */; };
		924F16731CFE77E40091434F /* Default.png in Resources */ = {isa = PBXBuildFile; fileRef = 924F16701CFE77E40091434F /* Default.png */; };
		924F16741CFE77E40091434F /* Default@2x.png in Resources */ = {isa = PBXBuildFile; fileRef = 924F16711CFE77E40091434F /* Default@2x.png */; };
/* End PBXBuildFile section */

/* Begin PBXContainerItemProxy section */
		924F16581CFE6DC50091434F /* PBXContainerItemProxy */ = {
			isa = PBXContainerItemProxy;
			containerPortal = 924F16361CFE6DC50091434F /* Project object */;
			proxyType = 1;
			remoteGlobalIDString = 924F163D1CFE6DC50091434F;
			remoteInfo = AfterShip;
		};
/* End PBXContainerItemProxy section */

/* Begin PBXFileReference section */
		924F163E1CFE6DC50091434F /* AfterShip.app */ = {isa = PBXFileReference; explicitFileType = wrapper.application; includeInIndex = 0; path = AfterShip.app; sourceTree = BUILT_PRODUCTS_DIR; };
		924F16421CFE6DC50091434F /* main.m */ = {isa = PBXFileReference; lastKnownFileType = sourcecode.c.objc; path = main.m; sourceTree = "<group>"; };
		924F16441CFE6DC50091434F /* AppDelegate.h */ = {isa = PBXFileReference; lastKnownFileType = sourcecode.c.h; path = AppDelegate.h; sourceTree = "<group>"; };
		924F16451CFE6DC50091434F /* AppDelegate.m */ = {isa = PBXFileReference; lastKnownFileType = sourcecode.c.objc; path = AppDelegate.m; sourceTree = "<group>"; };
		924F164D1CFE6DC50091434F /* Assets.xcassets */ = {isa = PBXFileReference; lastKnownFileType = folder.assetcatalog; path = Assets.xcassets; sourceTree = "<group>"; };
		924F16521CFE6DC50091434F /* Info.plist */ = {isa = PBXFileReference; lastKnownFileType = text.plist.xml; path = Info.plist; sourceTree = "<group>"; };
		924F16571CFE6DC50091434F /* AfterShipTests.xctest */ = {isa = PBXFileReference; explicitFileType = wrapper.cfbundle; includeInIndex = 0; path = AfterShipTests.xctest; sourceTree = BUILT_PRODUCTS_DIR; };
		924F165B1CFE6DC50091434F /* AfterShipTests.m */ = {isa = PBXFileReference; lastKnownFileType = sourcecode.c.objc; path = AfterShipTests.m; sourceTree = "<group>"; };
		924F165D1CFE6DC50091434F /* Info.plist */ = {isa = PBXFileReference; lastKnownFileType = text.plist.xml; path = Info.plist; sourceTree = "<group>"; };
		924F16681CFE76F30091434F /* TestViewController.h */ = {isa = PBXFileReference; fileEncoding = 4; lastKnownFileType = sourcecode.c.h; path = TestViewController.h; sourceTree = "<group>"; };
		924F16691CFE76F30091434F /* TestViewController.m */ = {isa = PBXFileReference; fileEncoding = 4; lastKnownFileType = sourcecode.c.objc; path = TestViewController.m; sourceTree = "<group>"; };
		924F166C1CFE77190091434F /* AfterShipApi.h */ = {isa = PBXFileReference; fileEncoding = 4; lastKnownFileType = sourcecode.c.h; path = AfterShipApi.h; sourceTree = "<group>"; };
		924F166D1CFE77190091434F /* AfterShipApi.m */ = {isa = PBXFileReference; fileEncoding = 4; lastKnownFileType = sourcecode.c.objc; path = AfterShipApi.m; sourceTree = "<group>"; };
		924F166F1CFE77E40091434F /* Default-568h@2x.png */ = {isa = PBXFileReference; lastKnownFileType = image.png; path = "Default-568h@2x.png"; sourceTree = "<group>"; };
		924F16701CFE77E40091434F /* Default.png */ = {isa = PBXFileReference; lastKnownFileType = image.png; path = Default.png; sourceTree = "<group>"; };
		924F16711CFE77E40091434F /* Default@2x.png */ = {isa = PBXFileReference; lastKnownFileType = image.png; path = "Default@2x.png"; sourceTree = "<group>"; };
/* End PBXFileReference section */

/* Begin PBXFrameworksBuildPhase section */
		924F163B1CFE6DC50091434F /* Frameworks */ = {
			isa = PBXFrameworksBuildPhase;
			buildActionMask = 2147483647;
			files = (
			);
			runOnlyForDeploymentPostprocessing = 0;
		};
		924F16541CFE6DC50091434F /* Frameworks */ = {
			isa = PBXFrameworksBuildPhase;
			buildActionMask = 2147483647;
			files = (
			);
			runOnlyForDeploymentPostprocessing = 0;
		};
/* End PBXFrameworksBuildPhase section */

/* Begin PBXGroup section */
		924F16351CFE6DC50091434F = {
			isa = PBXGroup;
			children = (
				924F16401CFE6DC50091434F /* AfterShip */,
				924F165A1CFE6DC50091434F /* AfterShipTests */,
				924F163F1CFE6DC50091434F /* Products */,
			);
			sourceTree = "<group>";
		};
		924F163F1CFE6DC50091434F /* Products */ = {
			isa = PBXGroup;
			children = (
				924F163E1CFE6DC50091434F /* AfterShip.app */,
				924F16571CFE6DC50091434F /* AfterShipTests.xctest */,
			);
			name = Products;
			sourceTree = "<group>";
		};
		924F16401CFE6DC50091434F /* AfterShip */ = {
			isa = PBXGroup;
			children = (
				924F166B1CFE77190091434F /* SDK */,
				924F16441CFE6DC50091434F /* AppDelegate.h */,
				924F16451CFE6DC50091434F /* AppDelegate.m */,
				924F164D1CFE6DC50091434F /* Assets.xcassets */,
				924F16521CFE6DC50091434F /* Info.plist */,
				924F16411CFE6DC50091434F /* Supporting Files */,
				924F16681CFE76F30091434F /* TestViewController.h */,
				924F16691CFE76F30091434F /* TestViewController.m */,
			);
			path = AfterShip;
			sourceTree = "<group>";
		};
		924F16411CFE6DC50091434F /* Supporting Files */ = {
			isa = PBXGroup;
			children = (
				924F166F1CFE77E40091434F /* Default-568h@2x.png */,
				924F16701CFE77E40091434F /* Default.png */,
				924F16711CFE77E40091434F /* Default@2x.png */,
				924F16421CFE6DC50091434F /* main.m */,
			);
			name = "Supporting Files";
			sourceTree = "<group>";
		};
		924F165A1CFE6DC50091434F /* AfterShipTests */ = {
			isa = PBXGroup;
			children = (
				924F165B1CFE6DC50091434F /* AfterShipTests.m */,
				924F165D1CFE6DC50091434F /* Info.plist */,
			);
			path = AfterShipTests;
			sourceTree = "<group>";
		};
		924F166B1CFE77190091434F /* SDK */ = {
			isa = PBXGroup;
			children = (
				924F166C1CFE77190091434F /* AfterShipApi.h */,
				924F166D1CFE77190091434F /* AfterShipApi.m */,
			);
			path = SDK;
			sourceTree = "<group>";
		};
/* End PBXGroup section */

/* Begin PBXNativeTarget section */
		924F163D1CFE6DC50091434F /* AfterShip */ = {
			isa = PBXNativeTarget;
			buildConfigurationList = 924F16601CFE6DC50091434F /* Build configuration list for PBXNativeTarget "AfterShip" */;
			buildPhases = (
				924F163A1CFE6DC50091434F /* Sources */,
				924F163B1CFE6DC50091434F /* Frameworks */,
				924F163C1CFE6DC50091434F /* Resources */,
			);
			buildRules = (
			);
			dependencies = (
			);
			name = AfterShip;
			productName = AfterShip;
			productReference = 924F163E1CFE6DC50091434F /* AfterShip.app */;
			productType = "com.apple.product-type.application";
		};
		924F16561CFE6DC50091434F /* AfterShipTests */ = {
			isa = PBXNativeTarget;
			buildConfigurationList = 924F16631CFE6DC50091434F /* Build configuration list for PBXNativeTarget "AfterShipTests" */;
			buildPhases = (
				924F16531CFE6DC50091434F /* Sources */,
				924F16541CFE6DC50091434F /* Frameworks */,
				924F16551CFE6DC50091434F /* Resources */,
			);
			buildRules = (
			);
			dependencies = (
				924F16591CFE6DC50091434F /* PBXTargetDependency */,
			);
			name = AfterShipTests;
			productName = AfterShipTests;
			productReference = 924F16571CFE6DC50091434F /* AfterShipTests.xctest */;
			productType = "com.apple.product-type.bundle.unit-test";
		};
/* End PBXNativeTarget section */

/* Begin PBXProject section */
		924F16361CFE6DC50091434F /* Project object */ = {
			isa = PBXProject;
			attributes = {
				LastUpgradeCheck = 0730;
				TargetAttributes = {
					924F163D1CFE6DC50091434F = {
						CreatedOnToolsVersion = 7.3;
					};
					924F16561CFE6DC50091434F = {
						CreatedOnToolsVersion = 7.3;
						TestTargetID = 924F163D1CFE6DC50091434F;
					};
				};
			};
			buildConfigurationList = 924F16391CFE6DC50091434F /* Build configuration list for PBXProject "AfterShip" */;
			compatibilityVersion = "Xcode 3.2";
			developmentRegion = English;
			hasScannedForEncodings = 0;
			knownRegions = (
				en,
				Base,
			);
			mainGroup = 924F16351CFE6DC50091434F;
			productRefGroup = 924F163F1CFE6DC50091434F /* Products */;
			projectDirPath = "";
			projectRoot = "";
			targets = (
				924F163D1CFE6DC50091434F /* AfterShip */,
				924F16561CFE6DC50091434F /* AfterShipTests */,
			);
		};
/* End PBXProject section */

/* Begin PBXResourcesBuildPhase section */
		924F163C1CFE6DC50091434F /* Resources */ = {
			isa = PBXResourcesBuildPhase;
			buildActionMask = 2147483647;
			files = (
				924F16741CFE77E40091434F /* Default@2x.png in Resources */,
				924F164E1CFE6DC50091434F /* Assets.xcassets in Resources */,
				924F16731CFE77E40091434F /* Default.png in Resources */,
				924F16721CFE77E40091434F /* Default-568h@2x.png in Resources */,
			);
			runOnlyForDeploymentPostprocessing = 0;
		};
		924F16551CFE6DC50091434F /* Resources */ = {
			isa = PBXResourcesBuildPhase;
			buildActionMask = 2147483647;
			files = (
			);
			runOnlyForDeploymentPostprocessing = 0;
		};
/* End PBXResourcesBuildPhase section */

/* Begin PBXSourcesBuildPhase section */
		924F163A1CFE6DC50091434F /* Sources */ = {
			isa = PBXSourcesBuildPhase;
			buildActionMask = 2147483647;
			files = (
				924F16461CFE6DC50091434F /* AppDelegate.m in Sources */,
				924F166A1CFE76F30091434F /* TestViewController.m in Sources */,
				924F166E1CFE77190091434F /* AfterShipApi.m in Sources */,
				924F16431CFE6DC50091434F /* main.m in Sources */,
			);
			runOnlyForDeploymentPostprocessing = 0;
		};
		924F16531CFE6DC50091434F /* Sources */ = {
			isa = PBXSourcesBuildPhase;
			buildActionMask = 2147483647;
			files = (
				924F165C1CFE6DC50091434F /* AfterShipTests.m in Sources */,
			);
			runOnlyForDeploymentPostprocessing = 0;
		};
/* End PBXSourcesBuildPhase section */

/* Begin PBXTargetDependency section */
		924F16591CFE6DC50091434F /* PBXTargetDependency */ = {
			isa = PBXTargetDependency;
			target = 924F163D1CFE6DC50091434F /* AfterShip */;
			targetProxy = 924F16581CFE6DC50091434F /* PBXContainerItemProxy */;
		};
/* End PBXTargetDependency section */

/* Begin XCBuildConfiguration section */
		924F165E1CFE6DC50091434F /* Debug */ = {
			isa = XCBuildConfiguration;
			buildSettings = {
				ALWAYS_SEARCH_USER_PATHS = NO;
				CLANG_ANALYZER_NONNULL = YES;
				CLANG_CXX_LANGUAGE_STANDARD = "gnu++0x";
				CLANG_CXX_LIBRARY = "libc++";
				CLANG_ENABLE_MODULES = YES;
				CLANG_ENABLE_OBJC_ARC = YES;
				CLANG_WARN_BOOL_CONVERSION = YES;
				CLANG_WARN_CONSTANT_CONVERSION = YES;
				CLANG_WARN_DIRECT_OBJC_ISA_USAGE = YES_ERROR;
				CLANG_WARN_EMPTY_BODY = YES;
				CLANG_WARN_ENUM_CONVERSION = YES;
				CLANG_WARN_INT_CONVERSION = YES;
				CLANG_WARN_OBJC_ROOT_CLASS = YES_ERROR;
				CLANG_WARN_UNREACHABLE_CODE = YES;
				CLANG_WARN__DUPLICATE_METHOD_MATCH = YES;
				"CODE_SIGN_IDENTITY[sdk=iphoneos*]" = "iPhone Developer";
				COPY_PHASE_STRIP = NO;
				DEBUG_INFORMATION_FORMAT = dwarf;
				ENABLE_STRICT_OBJC_MSGSEND = YES;
				ENABLE_TESTABILITY = YES;
				GCC_C_LANGUAGE_STANDARD = gnu99;
				GCC_DYNAMIC_NO_PIC = NO;
				GCC_NO_COMMON_BLOCKS = YES;
				GCC_OPTIMIZATION_LEVEL = 0;
				GCC_PREPROCESSOR_DEFINITIONS = (
					"DEBUG=1",
					"$(inherited)",
				);
				GCC_WARN_64_TO_32_BIT_CONVERSION = YES;
				GCC_WARN_ABOUT_RETURN_TYPE = YES_ERROR;
				GCC_WARN_UNDECLARED_SELECTOR = YES;
				GCC_WARN_UNINITIALIZED_AUTOS = YES_AGGRESSIVE;
				GCC_WARN_UNUSED_FUNCTION = YES;
				GCC_WARN_UNUSED_VARIABLE = YES;
				IPHONEOS_DEPLOYMENT_TARGET = 9.3;
				MTL_ENABLE_DEBUG_INFO = YES;
				ONLY_ACTIVE_ARCH = YES;
				SDKROOT = iphoneos;
			};
			name = Debug;
		};
		924F165F1CFE6DC50091434F /* Release */ = {
			isa = XCBuildConfiguration;
			buildSettings = {
				ALWAYS_SEARCH_USER_PATHS = NO;
				CLANG_ANALYZER_NONNULL = YES;
				CLANG_CXX_LANGUAGE_STANDARD = "gnu++0x";
				CLANG_CXX_LIBRARY = "libc++";
				CLANG_ENABLE_MODULES = YES;
				CLANG_ENABLE_OBJC_ARC = YES;
				CLANG_WARN_BOOL_CONVERSION = YES;
				CLANG_WARN_CONSTANT_CONVERSION = YES;
				CLANG_WARN_DIRECT_OBJC_ISA_USAGE = YES_ERROR;
				CLANG_WARN_EMPTY_BODY = YES;
				CLANG_WARN_ENUM_CONVERSION = YES;
				CLANG_WARN_INT_CONVERSION = YES;
				CLANG_WARN_OBJC_ROOT_CLASS = YES_ERROR;
				CLANG_WARN_UNREACHABLE_CODE = YES;
				CLANG_WARN__DUPLICATE_METHOD_MATCH = YES;
				"CODE_SIGN_IDENTITY[sdk=iphoneos*]" = "iPhone Developer";
				COPY_PHASE_STRIP = NO;
				DEBUG_INFORMATION_FORMAT = "dwarf-with-dsym";
				ENABLE_NS_ASSERTIONS = NO;
				ENABLE_STRICT_OBJC_MSGSEND = YES;
				GCC_C_LANGUAGE_STANDARD = gnu99;
				GCC_NO_COMMON_BLOCKS = YES;
				GCC_WARN_64_TO_32_BIT_CONVERSION = YES;
				GCC_WARN_ABOUT_RETURN_TYPE = YES_ERROR;
				GCC_WARN_UNDECLARED_SELECTOR = YES;
				GCC_WARN_UNINITIALIZED_AUTOS = YES_AGGRESSIVE;
				GCC_WARN_UNUSED_FUNCTION = YES;
				GCC_WARN_UNUSED_VARIABLE = YES;
				IPHONEOS_DEPLOYMENT_TARGET = 9.3;
				MTL_ENABLE_DEBUG_INFO = NO;
				SDKROOT = iphoneos;
				VALIDATE_PRODUCT = YES;
			};
			name = Release;
		};
		924F16611CFE6DC50091434F /* Debug */ = {
			isa = XCBuildConfiguration;
			buildSettings = {
				ASSETCATALOG_COMPILER_APPICON_NAME = AppIcon;
				INFOPLIST_FILE = AfterShip/Info.plist;
				LD_RUNPATH_SEARCH_PATHS = "$(inherited) @executable_path/Frameworks";
				PRODUCT_BUNDLE_IDENTIFIER = leeway.AfterShip;
				PRODUCT_NAME = "$(TARGET_NAME)";
			};
			name = Debug;
		};
		924F16621CFE6DC50091434F /* Release */ = {
			isa = XCBuildConfiguration;
			buildSettings = {
				ASSETCATALOG_COMPILER_APPICON_NAME = AppIcon;
				INFOPLIST_FILE = AfterShip/Info.plist;
				LD_RUNPATH_SEARCH_PATHS = "$(inherited) @executable_path/Frameworks";
				PRODUCT_BUNDLE_IDENTIFIER = leeway.AfterShip;
				PRODUCT_NAME = "$(TARGET_NAME)";
			};
			name = Release;
		};
		924F16641CFE6DC50091434F /* Debug */ = {
			isa = XCBuildConfiguration;
			buildSettings = {
				BUNDLE_LOADER = "$(TEST_HOST)";
				INFOPLIST_FILE = AfterShipTests/Info.plist;
				LD_RUNPATH_SEARCH_PATHS = "$(inherited) @executable_path/Frameworks @loader_path/Frameworks";
				PRODUCT_BUNDLE_IDENTIFIER = leeway.AfterShipTests;
				PRODUCT_NAME = "$(TARGET_NAME)";
				TEST_HOST = "$(BUILT_PRODUCTS_DIR)/AfterShip.app/AfterShip";
			};
			name = Debug;
		};
		924F16651CFE6DC50091434F /* Release */ = {
			isa = XCBuildConfiguration;
			buildSettings = {
				BUNDLE_LOADER = "$(TEST_HOST)";
				INFOPLIST_FILE = AfterShipTests/Info.plist;
				LD_RUNPATH_SEARCH_PATHS = "$(inherited) @executable_path/Frameworks @loader_path/Frameworks";
				PRODUCT_BUNDLE_IDENTIFIER = leeway.AfterShipTests;
				PRODUCT_NAME = "$(TARGET_NAME)";
				TEST_HOST = "$(BUILT_PRODUCTS_DIR)/AfterShip.app/AfterShip";
			};
			name = Release;
		};
/* End XCBuildConfiguration section */

/* Begin XCConfigurationList section */
		924F16391CFE6DC50091434F /* Build configuration list for PBXProject "AfterShip" */ = {
			isa = XCConfigurationList;
			buildConfigurations = (
				924F165E1CFE6DC50091434F /* Debug */,
				924F165F1CFE6DC50091434F /* Release */,
			);
			defaultConfigurationIsVisible = 0;
			defaultConfigurationName = Release;
		};
		924F16601CFE6DC50091434F /* Build configuration list for PBXNativeTarget "AfterShip" */ = {
			isa = XCConfigurationList;
			buildConfigurations = (
				924F16611CFE6DC50091434F /* Debug */,
				924F16621CFE6DC50091434F /* Release */,
			);
			defaultConfigurationIsVisible = 0;
		};
		924F16631CFE6DC50091434F /* Build configuration list for PBXNativeTarget "AfterShipTests" */ = {
			isa = XCConfigurationList;
			buildConfigurations = (
				924F16641CFE6DC50091434F /* Debug */,
				924F16651CFE6DC50091434F /* Release */,
			);
			defaultConfigurationIsVisible = 0;
		};
/* End XCConfigurationList section */
	};
	rootObject = 924F16361CFE6DC50091434F /* Project object */;
}
